# THIS IS AN AUTOGENERATED FILE. DO NOT EDIT THIS FILE DIRECTLY.
# yarn lockfile v1


"@babel/code-frame@7.12.11":
  "version" "7.12.11"
  dependencies:
    "@babel/highlight" "^7.10.4"

"@babel/helper-validator-identifier@^7.12.11":
  "version" "7.12.11"

"@babel/highlight@^7.10.4":
  "version" "7.13.10"
  dependencies:
    "@babel/helper-validator-identifier" "^7.12.11"
    "chalk" "^2.0.0"
    "js-tokens" "^4.0.0"

"@eslint/eslintrc@^0.4.0":
  "version" "0.4.0"
  dependencies:
    "ajv" "^6.12.4"
    "debug" "^4.1.1"
    "espree" "^7.3.0"
    "globals" "^12.1.0"
    "ignore" "^4.0.6"
    "import-fresh" "^3.2.1"
    "js-yaml" "^3.13.1"
    "minimatch" "^3.0.4"
    "strip-json-comments" "^3.1.1"

"@mapbox/node-pre-gyp@^1.0.0":
  "version" "1.0.3"
  dependencies:
    "detect-libc" "^1.0.3"
    "https-proxy-agent" "^5.0.0"
    "make-dir" "^3.1.0"
    "node-fetch" "^2.6.1"
    "nopt" "^5.0.0"
    "npmlog" "^4.1.2"
    "rimraf" "^3.0.2"
    "semver" "^7.3.4"
    "tar" "^6.1.0"

"@nodelib/fs.scandir@2.1.4":
  "version" "2.1.4"
  dependencies:
    "@nodelib/fs.stat" "2.0.4"
    "run-parallel" "^1.1.9"

"@nodelib/fs.stat@^2.0.2", "@nodelib/fs.stat@2.0.4":
  "version" "2.0.4"

"@nodelib/fs.walk@^1.2.3":
  "version" "1.2.6"
  dependencies:
    "@nodelib/fs.scandir" "2.1.4"
    "fastq" "^1.6.0"

"@sqltools/formatter@^1.2.2":
  "version" "1.2.3"

"@types/bcrypt@^3.0.1":
  "version" "3.0.1"

"@types/body-parser@*":
  "version" "1.19.0"
  dependencies:
    "@types/connect" "*"
    "@types/node" "*"

"@types/connect@*":
  "version" "3.4.34"
  dependencies:
    "@types/node" "*"

"@types/express-serve-static-core@^4.17.18":
  "version" "4.17.19"
  dependencies:
    "@types/node" "*"
    "@types/qs" "*"
    "@types/range-parser" "*"

"@types/express@*", "@types/express@^4.17.11":
  "version" "4.17.11"
  dependencies:
    "@types/body-parser" "*"
    "@types/express-serve-static-core" "^4.17.18"
    "@types/qs" "*"
    "@types/serve-static" "*"

"@types/json-schema@^7.0.3":
  "version" "7.0.7"

"@types/json5@^0.0.29":
  "version" "0.0.29"

"@types/mime@^1":
  "version" "1.3.2"

"@types/multer@^1.4.5":
  "version" "1.4.5"
  dependencies:
    "@types/express" "*"

"@types/node@*":
  "version" "14.14.35"

"@types/qs@*":
  "version" "6.9.6"

"@types/range-parser@*":
  "version" "1.2.3"

"@types/serve-static@*":
  "version" "1.13.9"
  dependencies:
    "@types/mime" "^1"
    "@types/node" "*"

"@types/strip-bom@^3.0.0":
  "version" "3.0.0"

"@types/strip-json-comments@0.0.30":
  "version" "0.0.30"

"@types/swagger-ui-express@^4.1.2":
  "version" "4.1.2"
  dependencies:
    "@types/express" "*"
    "@types/serve-static" "*"

"@types/uuid@^8.3.0":
  "version" "8.3.0"

"@types/zen-observable@^0.8.2":
  "version" "0.8.2"

"@typescript-eslint/eslint-plugin@^4.18.0":
  "version" "4.18.0"
  dependencies:
    "@typescript-eslint/experimental-utils" "4.18.0"
    "@typescript-eslint/scope-manager" "4.18.0"
    "debug" "^4.1.1"
    "functional-red-black-tree" "^1.0.1"
    "lodash" "^4.17.15"
    "regexpp" "^3.0.0"
    "semver" "^7.3.2"
    "tsutils" "^3.17.1"

"@typescript-eslint/experimental-utils@4.18.0":
  "version" "4.18.0"
  dependencies:
    "@types/json-schema" "^7.0.3"
    "@typescript-eslint/scope-manager" "4.18.0"
    "@typescript-eslint/types" "4.18.0"
    "@typescript-eslint/typescript-estree" "4.18.0"
    "eslint-scope" "^5.0.0"
    "eslint-utils" "^2.0.0"

"@typescript-eslint/parser@^4.0.0", "@typescript-eslint/parser@^4.18.0":
  "version" "4.18.0"
  dependencies:
    "@typescript-eslint/scope-manager" "4.18.0"
    "@typescript-eslint/types" "4.18.0"
    "@typescript-eslint/typescript-estree" "4.18.0"
    "debug" "^4.1.1"

"@typescript-eslint/scope-manager@4.18.0":
  "version" "4.18.0"
  dependencies:
    "@typescript-eslint/types" "4.18.0"
    "@typescript-eslint/visitor-keys" "4.18.0"

"@typescript-eslint/types@4.18.0":
  "version" "4.18.0"

"@typescript-eslint/typescript-estree@4.18.0":
  "version" "4.18.0"
  dependencies:
    "@typescript-eslint/types" "4.18.0"
    "@typescript-eslint/visitor-keys" "4.18.0"
    "debug" "^4.1.1"
    "globby" "^11.0.1"
    "is-glob" "^4.0.1"
    "semver" "^7.3.2"
    "tsutils" "^3.17.1"

"@typescript-eslint/visitor-keys@4.18.0":
  "version" "4.18.0"
  dependencies:
    "@typescript-eslint/types" "4.18.0"
    "eslint-visitor-keys" "^2.0.0"

"abbrev@1":
  "version" "1.1.1"

"accepts@~1.3.7":
  "version" "1.3.7"
  dependencies:
    "mime-types" "~2.1.24"
    "negotiator" "0.6.2"

"acorn-jsx@^5.3.1":
  "version" "5.3.1"

"acorn@^6.0.0 || ^7.0.0 || ^8.0.0", "acorn@^7.4.0":
  "version" "7.4.1"

"agent-base@6":
  "version" "6.0.2"
  dependencies:
    "debug" "4"

"ajv@^6.10.0", "ajv@^6.12.4":
  "version" "6.12.6"
  dependencies:
    "fast-deep-equal" "^3.1.1"
    "fast-json-stable-stringify" "^2.0.0"
    "json-schema-traverse" "^0.4.1"
    "uri-js" "^4.2.2"

"ajv@^7.0.2":
  "version" "7.2.3"
  dependencies:
    "fast-deep-equal" "^3.1.1"
    "json-schema-traverse" "^1.0.0"
    "require-from-string" "^2.0.2"
    "uri-js" "^4.2.2"

"ansi-colors@^4.1.1":
  "version" "4.1.1"

"ansi-regex@^2.0.0":
  "version" "2.1.1"

"ansi-regex@^3.0.0":
  "version" "3.0.0"

"ansi-regex@^5.0.0":
  "version" "5.0.0"

"ansi-styles@^2.2.1":
  "version" "2.2.1"

"ansi-styles@^3.2.1":
  "version" "3.2.1"
  dependencies:
    "color-convert" "^1.9.0"

"ansi-styles@^4.0.0", "ansi-styles@^4.1.0":
  "version" "4.3.0"
  dependencies:
    "color-convert" "^2.0.1"

"any-promise@^1.0.0":
  "version" "1.3.0"

"anymatch@~3.1.1":
  "version" "3.1.1"
  dependencies:
    "normalize-path" "^3.0.0"
    "picomatch" "^2.0.4"

"app-root-path@^3.0.0":
  "version" "3.0.0"

"append-field@^1.0.0":
  "version" "1.0.0"

"aproba@^1.0.3":
  "version" "1.2.0"

"are-we-there-yet@~1.1.2":
  "version" "1.1.5"
  dependencies:
    "delegates" "^1.0.0"
    "readable-stream" "^2.0.6"

"arg@^4.1.0":
  "version" "4.1.3"

"argparse@^1.0.7":
  "version" "1.0.10"
  dependencies:
    "sprintf-js" "~1.0.2"

"argparse@^2.0.1":
  "version" "2.0.1"

"array-find-index@^1.0.1":
  "version" "1.0.2"

"array-flatten@1.1.1":
  "version" "1.1.1"

"array-includes@^3.1.1":
  "version" "3.1.3"
  dependencies:
    "call-bind" "^1.0.2"
    "define-properties" "^1.1.3"
    "es-abstract" "^1.18.0-next.2"
    "get-intrinsic" "^1.1.1"
    "is-string" "^1.0.5"

"array-union@^2.1.0":
  "version" "2.1.0"

"array.prototype.flat@^1.2.3":
  "version" "1.2.4"
  dependencies:
    "call-bind" "^1.0.0"
    "define-properties" "^1.1.3"
    "es-abstract" "^1.18.0-next.1"

"astral-regex@^2.0.0":
  "version" "2.0.0"

"balanced-match@^1.0.0":
  "version" "1.0.0"

"base64-js@^1.3.1":
  "version" "1.5.1"

"bcrypt@^5.0.1":
  "version" "5.0.1"
  dependencies:
    "@mapbox/node-pre-gyp" "^1.0.0"
    "node-addon-api" "^3.1.0"

"binary-extensions@^2.0.0":
  "version" "2.2.0"

"body-parser@1.19.0":
  "version" "1.19.0"
  dependencies:
    "bytes" "3.1.0"
    "content-type" "~1.0.4"
    "debug" "2.6.9"
    "depd" "~1.1.2"
    "http-errors" "1.7.2"
    "iconv-lite" "0.4.24"
    "on-finished" "~2.3.0"
    "qs" "6.7.0"
    "raw-body" "2.4.0"
    "type-is" "~1.6.17"

"brace-expansion@^1.1.7":
  "version" "1.1.11"
  dependencies:
    "balanced-match" "^1.0.0"
    "concat-map" "0.0.1"

"braces@^3.0.1", "braces@~3.0.2":
  "version" "3.0.2"
  dependencies:
    "fill-range" "^7.0.1"

"buffer-equal-constant-time@1.0.1":
  "version" "1.0.1"

"buffer-from@^1.0.0":
  "version" "1.1.1"

"buffer-writer@2.0.0":
  "version" "2.0.0"

"buffer@^6.0.3":
  "version" "6.0.3"
  dependencies:
    "base64-js" "^1.3.1"
    "ieee754" "^1.2.1"

"busboy@^0.2.11":
  "version" "0.2.14"
  dependencies:
    "dicer" "0.2.5"
    "readable-stream" "1.1.x"

"bytes@3.1.0":
  "version" "3.1.0"

"call-bind@^1.0.0", "call-bind@^1.0.2":
  "version" "1.0.2"
  dependencies:
    "function-bind" "^1.1.1"
    "get-intrinsic" "^1.0.2"

"callsites@^3.0.0":
  "version" "3.1.0"

"camelcase-keys@^2.0.0":
  "version" "2.1.0"
  dependencies:
    "camelcase" "^2.0.0"
    "map-obj" "^1.0.0"

"camelcase@^2.0.0":
  "version" "2.1.1"

"chalk@^1.1.1":
  "version" "1.1.3"
  dependencies:
    "ansi-styles" "^2.2.1"
    "escape-string-regexp" "^1.0.2"
    "has-ansi" "^2.0.0"
    "strip-ansi" "^3.0.0"
    "supports-color" "^2.0.0"

"chalk@^2.0.0":
  "version" "2.4.2"
  dependencies:
    "ansi-styles" "^3.2.1"
    "escape-string-regexp" "^1.0.5"
    "supports-color" "^5.3.0"

"chalk@^4.0.0", "chalk@^4.1.0":
  "version" "4.1.0"
  dependencies:
    "ansi-styles" "^4.1.0"
    "supports-color" "^7.1.0"

"chokidar@^3.5.1":
  "version" "3.5.1"
  dependencies:
    "anymatch" "~3.1.1"
    "braces" "~3.0.2"
    "fsevents" "~2.3.1"
    "glob-parent" "~5.1.0"
    "is-binary-path" "~2.1.0"
    "is-glob" "~4.0.1"
    "normalize-path" "~3.0.0"
    "readdirp" "~3.5.0"
  optionalDependencies:
    "fsevents" "~2.3.1"

"chownr@^2.0.0":
  "version" "2.0.0"

"cli-highlight@^2.1.10":
  "version" "2.1.11"
  dependencies:
    "chalk" "^4.0.0"
    "highlight.js" "^10.7.1"
    "mz" "^2.4.0"
    "parse5" "^5.1.1"
    "parse5-htmlparser2-tree-adapter" "^6.0.0"
    "yargs" "^16.0.0"

"cliui@^7.0.2":
  "version" "7.0.4"
  dependencies:
    "string-width" "^4.2.0"
    "strip-ansi" "^6.0.0"
    "wrap-ansi" "^7.0.0"

"code-point-at@^1.0.0":
  "version" "1.1.0"

"color-convert@^1.9.0":
  "version" "1.9.3"
  dependencies:
    "color-name" "1.1.3"

"color-convert@^2.0.1":
  "version" "2.0.1"
  dependencies:
    "color-name" "~1.1.4"

"color-name@~1.1.4":
  "version" "1.1.4"

"color-name@1.1.3":
  "version" "1.1.3"

"concat-map@0.0.1":
  "version" "0.0.1"

"concat-stream@^1.5.2":
  "version" "1.6.2"
  dependencies:
    "buffer-from" "^1.0.0"
    "inherits" "^2.0.3"
    "readable-stream" "^2.2.2"
    "typedarray" "^0.0.6"

"confusing-browser-globals@^1.0.10":
  "version" "1.0.10"

"console-control-strings@^1.0.0", "console-control-strings@~1.1.0":
  "version" "1.1.0"

"contains-path@^0.1.0":
  "version" "0.1.0"

"content-disposition@0.5.3":
  "version" "0.5.3"
  dependencies:
    "safe-buffer" "5.1.2"

"content-type@~1.0.4":
  "version" "1.0.4"

"cookie-signature@1.0.6":
  "version" "1.0.6"

"cookie@0.4.0":
  "version" "0.4.0"

"core-util-is@~1.0.0":
  "version" "1.0.2"

"create-require@^1.1.0":
  "version" "1.1.1"

"cross-spawn@^7.0.2":
  "version" "7.0.3"
  dependencies:
    "path-key" "^3.1.0"
    "shebang-command" "^2.0.0"
    "which" "^2.0.1"

"csv-parse@^4.15.3":
  "version" "4.15.3"

"currently-unhandled@^0.4.1":
  "version" "0.4.1"
  dependencies:
    "array-find-index" "^1.0.1"

"dateformat@~1.0.4-1.2.3":
  "version" "1.0.12"
  dependencies:
    "get-stdin" "^4.0.1"
    "meow" "^3.3.0"

"debug@^2.6.9":
  "version" "2.6.9"
  dependencies:
    "ms" "2.0.0"

"debug@^4.0.1", "debug@^4.1.1", "debug@^4.3.1", "debug@4":
  "version" "4.3.1"
  dependencies:
    "ms" "2.1.2"

"debug@2.6.9":
  "version" "2.6.9"
  dependencies:
    "ms" "2.0.0"

"decamelize@^1.1.2":
  "version" "1.2.0"

"deep-is@^0.1.3":
  "version" "0.1.3"

"define-properties@^1.1.3":
  "version" "1.1.3"
  dependencies:
    "object-keys" "^1.0.12"

"delegates@^1.0.0":
  "version" "1.0.0"

"depd@~1.1.2":
  "version" "1.1.2"

"destroy@~1.0.4":
  "version" "1.0.4"

"detect-libc@^1.0.3":
  "version" "1.0.3"

"dicer@0.2.5":
  "version" "0.2.5"
  dependencies:
    "readable-stream" "1.1.x"
    "streamsearch" "0.1.2"

"diff@^4.0.1":
  "version" "4.0.2"

"dir-glob@^3.0.1":
  "version" "3.0.1"
  dependencies:
    "path-type" "^4.0.0"

"doctrine@^3.0.0":
  "version" "3.0.0"
  dependencies:
    "esutils" "^2.0.2"

"doctrine@1.5.0":
  "version" "1.5.0"
  dependencies:
    "esutils" "^2.0.2"
    "isarray" "^1.0.0"

"dotenv@^8.2.0":
  "version" "8.2.0"

"dynamic-dedupe@^0.3.0":
  "version" "0.3.0"
  dependencies:
    "xtend" "^4.0.0"

"ecdsa-sig-formatter@1.0.11":
  "version" "1.0.11"
  dependencies:
    "safe-buffer" "^5.0.1"

"ee-first@1.1.1":
  "version" "1.1.1"

"emoji-regex@^8.0.0":
  "version" "8.0.0"

"encodeurl@~1.0.2":
  "version" "1.0.2"

"enquirer@^2.3.5":
  "version" "2.3.6"
  dependencies:
    "ansi-colors" "^4.1.1"

"error-ex@^1.2.0":
  "version" "1.3.2"
  dependencies:
    "is-arrayish" "^0.2.1"

"es-abstract@^1.18.0-next.1", "es-abstract@^1.18.0-next.2":
  "version" "1.18.0"
  dependencies:
    "call-bind" "^1.0.2"
    "es-to-primitive" "^1.2.1"
    "function-bind" "^1.1.1"
    "get-intrinsic" "^1.1.1"
    "has" "^1.0.3"
    "has-symbols" "^1.0.2"
    "is-callable" "^1.2.3"
    "is-negative-zero" "^2.0.1"
    "is-regex" "^1.1.2"
    "is-string" "^1.0.5"
    "object-inspect" "^1.9.0"
    "object-keys" "^1.1.1"
    "object.assign" "^4.1.2"
    "string.prototype.trimend" "^1.0.4"
    "string.prototype.trimstart" "^1.0.4"
    "unbox-primitive" "^1.0.0"

"es-to-primitive@^1.2.1":
  "version" "1.2.1"
  dependencies:
    "is-callable" "^1.1.4"
    "is-date-object" "^1.0.1"
    "is-symbol" "^1.0.2"

"escalade@^3.1.1":
  "version" "3.1.1"

"escape-html@~1.0.3":
  "version" "1.0.3"

"escape-string-regexp@^1.0.2", "escape-string-regexp@^1.0.5":
  "version" "1.0.5"

"eslint-config-airbnb-base@^14.2.1":
  "version" "14.2.1"
  dependencies:
    "confusing-browser-globals" "^1.0.10"
    "object.assign" "^4.1.2"
    "object.entries" "^1.1.2"

"eslint-config-prettier@^8.1.0":
  "version" "8.1.0"

"eslint-import-resolver-node@^0.3.4":
  "version" "0.3.4"
  dependencies:
    "debug" "^2.6.9"
    "resolve" "^1.13.1"

"eslint-import-resolver-typescript@^2.4.0":
  "version" "2.4.0"
  dependencies:
    "debug" "^4.1.1"
    "glob" "^7.1.6"
    "is-glob" "^4.0.1"
    "resolve" "^1.17.0"
    "tsconfig-paths" "^3.9.0"

"eslint-module-utils@^2.6.0":
  "version" "2.6.0"
  dependencies:
    "debug" "^2.6.9"
    "pkg-dir" "^2.0.0"

"eslint-plugin-import-helpers@^1.1.0":
  "version" "1.1.0"

"eslint-plugin-import@*", "eslint-plugin-import@^2.22.1", "eslint-plugin-import@2.22.1":
  "version" "2.22.1"
  dependencies:
    "array-includes" "^3.1.1"
    "array.prototype.flat" "^1.2.3"
    "contains-path" "^0.1.0"
    "debug" "^2.6.9"
    "doctrine" "1.5.0"
    "eslint-import-resolver-node" "^0.3.4"
    "eslint-module-utils" "^2.6.0"
    "has" "^1.0.3"
    "minimatch" "^3.0.4"
    "object.values" "^1.1.1"
    "read-pkg-up" "^2.0.0"
    "resolve" "^1.17.0"
    "tsconfig-paths" "^3.9.0"

"eslint-plugin-prettier@^3.3.1":
  "version" "3.3.1"
  dependencies:
    "prettier-linter-helpers" "^1.0.0"

"eslint-scope@^5.0.0", "eslint-scope@^5.1.1":
  "version" "5.1.1"
  dependencies:
    "esrecurse" "^4.3.0"
    "estraverse" "^4.1.1"

"eslint-utils@^2.0.0", "eslint-utils@^2.1.0":
  "version" "2.1.0"
  dependencies:
    "eslint-visitor-keys" "^1.1.0"

"eslint-visitor-keys@^1.1.0", "eslint-visitor-keys@^1.3.0":
  "version" "1.3.0"

"eslint-visitor-keys@^2.0.0":
  "version" "2.0.0"

"eslint@*", "eslint@^2 || ^3 || ^4 || ^5 || ^6 || ^7.2.0", "eslint@^5.0.0 || ^6.0.0 || ^7.0.0", "eslint@^5.16.0 || ^6.8.0 || ^7.2.0", "eslint@^7.22.0", "eslint@>=5.0.0", "eslint@>=7.0.0", "eslint@5.x - 7.x":
  "version" "7.22.0"
  dependencies:
    "@babel/code-frame" "7.12.11"
    "@eslint/eslintrc" "^0.4.0"
    "ajv" "^6.10.0"
    "chalk" "^4.0.0"
    "cross-spawn" "^7.0.2"
    "debug" "^4.0.1"
    "doctrine" "^3.0.0"
    "enquirer" "^2.3.5"
    "eslint-scope" "^5.1.1"
    "eslint-utils" "^2.1.0"
    "eslint-visitor-keys" "^2.0.0"
    "espree" "^7.3.1"
    "esquery" "^1.4.0"
    "esutils" "^2.0.2"
    "file-entry-cache" "^6.0.1"
    "functional-red-black-tree" "^1.0.1"
    "glob-parent" "^5.0.0"
    "globals" "^13.6.0"
    "ignore" "^4.0.6"
    "import-fresh" "^3.0.0"
    "imurmurhash" "^0.1.4"
    "is-glob" "^4.0.0"
    "js-yaml" "^3.13.1"
    "json-stable-stringify-without-jsonify" "^1.0.1"
    "levn" "^0.4.1"
    "lodash" "^4.17.21"
    "minimatch" "^3.0.4"
    "natural-compare" "^1.4.0"
    "optionator" "^0.9.1"
    "progress" "^2.0.0"
    "regexpp" "^3.1.0"
    "semver" "^7.2.1"
    "strip-ansi" "^6.0.0"
    "strip-json-comments" "^3.1.0"
    "table" "^6.0.4"
    "text-table" "^0.2.0"
    "v8-compile-cache" "^2.0.3"

"espree@^7.3.0", "espree@^7.3.1":
  "version" "7.3.1"
  dependencies:
    "acorn" "^7.4.0"
    "acorn-jsx" "^5.3.1"
    "eslint-visitor-keys" "^1.3.0"

"esprima@^4.0.0":
  "version" "4.0.1"

"esquery@^1.4.0":
  "version" "1.4.0"
  dependencies:
    "estraverse" "^5.1.0"

"esrecurse@^4.3.0":
  "version" "4.3.0"
  dependencies:
    "estraverse" "^5.2.0"

"estraverse@^4.1.1":
  "version" "4.3.0"

"estraverse@^5.1.0", "estraverse@^5.2.0":
  "version" "5.2.0"

"esutils@^2.0.2":
  "version" "2.0.3"

"etag@~1.8.1":
  "version" "1.8.1"

"express@^4.17.1", "express@>=4.0.0":
  "version" "4.17.1"
  dependencies:
    "accepts" "~1.3.7"
    "array-flatten" "1.1.1"
    "body-parser" "1.19.0"
    "content-disposition" "0.5.3"
    "content-type" "~1.0.4"
    "cookie" "0.4.0"
    "cookie-signature" "1.0.6"
    "debug" "2.6.9"
    "depd" "~1.1.2"
    "encodeurl" "~1.0.2"
    "escape-html" "~1.0.3"
    "etag" "~1.8.1"
    "finalhandler" "~1.1.2"
    "fresh" "0.5.2"
    "merge-descriptors" "1.0.1"
    "methods" "~1.1.2"
    "on-finished" "~2.3.0"
    "parseurl" "~1.3.3"
    "path-to-regexp" "0.1.7"
    "proxy-addr" "~2.0.5"
    "qs" "6.7.0"
    "range-parser" "~1.2.1"
    "safe-buffer" "5.1.2"
    "send" "0.17.1"
    "serve-static" "1.14.1"
    "setprototypeof" "1.1.1"
    "statuses" "~1.5.0"
    "type-is" "~1.6.18"
    "utils-merge" "1.0.1"
    "vary" "~1.1.2"

"fast-deep-equal@^3.1.1":
  "version" "3.1.3"

"fast-diff@^1.1.2":
  "version" "1.2.0"

"fast-glob@^3.1.1":
  "version" "3.2.5"
  dependencies:
    "@nodelib/fs.stat" "^2.0.2"
    "@nodelib/fs.walk" "^1.2.3"
    "glob-parent" "^5.1.0"
    "merge2" "^1.3.0"
    "micromatch" "^4.0.2"
    "picomatch" "^2.2.1"

"fast-json-stable-stringify@^2.0.0":
  "version" "2.1.0"

"fast-levenshtein@^2.0.6":
  "version" "2.0.6"

"fastq@^1.6.0":
  "version" "1.11.0"
  dependencies:
    "reusify" "^1.0.4"

"figlet@^1.1.1":
  "version" "1.5.0"

"file-entry-cache@^6.0.1":
  "version" "6.0.1"
  dependencies:
    "flat-cache" "^3.0.4"

"fill-range@^7.0.1":
  "version" "7.0.1"
  dependencies:
    "to-regex-range" "^5.0.1"

"finalhandler@~1.1.2":
  "version" "1.1.2"
  dependencies:
    "debug" "2.6.9"
    "encodeurl" "~1.0.2"
    "escape-html" "~1.0.3"
    "on-finished" "~2.3.0"
    "parseurl" "~1.3.3"
    "statuses" "~1.5.0"
    "unpipe" "~1.0.0"

"find-up@^1.0.0":
  "version" "1.1.2"
  dependencies:
    "path-exists" "^2.0.0"
    "pinkie-promise" "^2.0.0"

"find-up@^2.0.0", "find-up@^2.1.0":
  "version" "2.1.0"
  dependencies:
    "locate-path" "^2.0.0"

"flat-cache@^3.0.4":
  "version" "3.0.4"
  dependencies:
    "flatted" "^3.1.0"
    "rimraf" "^3.0.2"

"flatted@^3.1.0":
  "version" "3.1.1"

"forwarded@~0.1.2":
  "version" "0.1.2"

"fresh@0.5.2":
  "version" "0.5.2"

"fs-minipass@^2.0.0":
  "version" "2.1.0"
  dependencies:
    "minipass" "^3.0.0"

"fs.realpath@^1.0.0":
  "version" "1.0.0"

"function-bind@^1.1.1":
  "version" "1.1.1"

"functional-red-black-tree@^1.0.1":
  "version" "1.0.1"

"gauge@~2.7.3":
  "version" "2.7.4"
  dependencies:
    "aproba" "^1.0.3"
    "console-control-strings" "^1.0.0"
    "has-unicode" "^2.0.0"
    "object-assign" "^4.1.0"
    "signal-exit" "^3.0.0"
    "string-width" "^1.0.1"
    "strip-ansi" "^3.0.1"
    "wide-align" "^1.1.0"

"get-caller-file@^2.0.5":
  "version" "2.0.5"

"get-intrinsic@^1.0.2", "get-intrinsic@^1.1.1":
  "version" "1.1.1"
  dependencies:
    "function-bind" "^1.1.1"
    "has" "^1.0.3"
    "has-symbols" "^1.0.1"

"get-stdin@^4.0.1":
  "version" "4.0.1"

"glob-parent@^5.0.0", "glob-parent@^5.1.0", "glob-parent@~5.1.0":
  "version" "5.1.2"
  dependencies:
    "is-glob" "^4.0.1"

"glob@^7.1.3", "glob@^7.1.6":
  "version" "7.1.6"
  dependencies:
    "fs.realpath" "^1.0.0"
    "inflight" "^1.0.4"
    "inherits" "2"
    "minimatch" "^3.0.4"
    "once" "^1.3.0"
    "path-is-absolute" "^1.0.0"

"globals@^12.1.0":
  "version" "12.4.0"
  dependencies:
    "type-fest" "^0.8.1"

"globals@^13.6.0":
  "version" "13.7.0"
  dependencies:
    "type-fest" "^0.20.2"

"globby@^11.0.1":
  "version" "11.0.2"
  dependencies:
    "array-union" "^2.1.0"
    "dir-glob" "^3.0.1"
    "fast-glob" "^3.1.1"
    "ignore" "^5.1.4"
    "merge2" "^1.3.0"
    "slash" "^3.0.0"

"graceful-fs@^4.1.2":
  "version" "4.2.6"

"has-ansi@^2.0.0":
  "version" "2.0.0"
  dependencies:
    "ansi-regex" "^2.0.0"

"has-bigints@^1.0.0":
  "version" "1.0.1"

"has-flag@^3.0.0":
  "version" "3.0.0"

"has-flag@^4.0.0":
  "version" "4.0.0"

"has-symbols@^1.0.0", "has-symbols@^1.0.1", "has-symbols@^1.0.2":
  "version" "1.0.2"

"has-unicode@^2.0.0":
  "version" "2.0.1"

"has@^1.0.3":
  "version" "1.0.3"
  dependencies:
    "function-bind" "^1.1.1"

"highlight.js@^10.7.1":
  "version" "10.7.1"

"hosted-git-info@^2.1.4":
  "version" "2.8.8"

"http-errors@~1.7.2":
  "version" "1.7.3"
  dependencies:
    "depd" "~1.1.2"
    "inherits" "2.0.4"
    "setprototypeof" "1.1.1"
    "statuses" ">= 1.5.0 < 2"
    "toidentifier" "1.0.0"

"http-errors@1.7.2":
  "version" "1.7.2"
  dependencies:
    "depd" "~1.1.2"
    "inherits" "2.0.3"
    "setprototypeof" "1.1.1"
    "statuses" ">= 1.5.0 < 2"
    "toidentifier" "1.0.0"

"https-proxy-agent@^5.0.0":
  "version" "5.0.0"
  dependencies:
    "agent-base" "6"
    "debug" "4"

"iconv-lite@0.4.24":
  "version" "0.4.24"
  dependencies:
    "safer-buffer" ">= 2.1.2 < 3"

"ieee754@^1.2.1":
  "version" "1.2.1"

"ignore@^4.0.6":
  "version" "4.0.6"

"ignore@^5.1.4":
  "version" "5.1.8"

"import-fresh@^3.0.0", "import-fresh@^3.2.1":
  "version" "3.3.0"
  dependencies:
    "parent-module" "^1.0.0"
    "resolve-from" "^4.0.0"

"imurmurhash@^0.1.4":
  "version" "0.1.4"

"indent-string@^2.1.0":
  "version" "2.1.0"
  dependencies:
    "repeating" "^2.0.0"

"inflight@^1.0.4":
  "version" "1.0.6"
  dependencies:
    "once" "^1.3.0"
    "wrappy" "1"

"inherits@^2.0.1", "inherits@^2.0.3", "inherits@~2.0.1", "inherits@~2.0.3", "inherits@2", "inherits@2.0.4":
  "version" "2.0.4"

"inherits@2.0.3":
  "version" "2.0.3"

"ipaddr.js@1.9.1":
  "version" "1.9.1"

"is-arrayish@^0.2.1":
  "version" "0.2.1"

"is-bigint@^1.0.1":
  "version" "1.0.1"

"is-binary-path@~2.1.0":
  "version" "2.1.0"
  dependencies:
    "binary-extensions" "^2.0.0"

"is-boolean-object@^1.1.0":
  "version" "1.1.0"
  dependencies:
    "call-bind" "^1.0.0"

"is-callable@^1.1.4", "is-callable@^1.2.3":
  "version" "1.2.3"

"is-core-module@^2.2.0":
  "version" "2.2.0"
  dependencies:
    "has" "^1.0.3"

"is-date-object@^1.0.1":
  "version" "1.0.2"

"is-extglob@^2.1.1":
  "version" "2.1.1"

"is-finite@^1.0.0":
  "version" "1.1.0"

"is-fullwidth-code-point@^1.0.0":
  "version" "1.0.0"
  dependencies:
    "number-is-nan" "^1.0.0"

"is-fullwidth-code-point@^2.0.0":
  "version" "2.0.0"

"is-fullwidth-code-point@^3.0.0":
  "version" "3.0.0"

"is-glob@^4.0.0", "is-glob@^4.0.1", "is-glob@~4.0.1":
  "version" "4.0.1"
  dependencies:
    "is-extglob" "^2.1.1"

"is-negative-zero@^2.0.1":
  "version" "2.0.1"

"is-number-object@^1.0.4":
  "version" "1.0.4"

"is-number@^7.0.0":
  "version" "7.0.0"

"is-regex@^1.1.2":
  "version" "1.1.2"
  dependencies:
    "call-bind" "^1.0.2"
    "has-symbols" "^1.0.1"

"is-string@^1.0.5":
  "version" "1.0.5"

"is-symbol@^1.0.2", "is-symbol@^1.0.3":
  "version" "1.0.3"
  dependencies:
    "has-symbols" "^1.0.1"

"is-utf8@^0.2.0":
  "version" "0.2.1"

"isarray@^1.0.0", "isarray@~1.0.0":
  "version" "1.0.0"

"isarray@0.0.1":
  "version" "0.0.1"

"isexe@^2.0.0":
  "version" "2.0.0"

"js-tokens@^4.0.0":
  "version" "4.0.0"

"js-yaml@^3.13.1":
  "version" "3.14.1"
  dependencies:
    "argparse" "^1.0.7"
    "esprima" "^4.0.0"

"js-yaml@^4.0.0":
  "version" "4.0.0"
  dependencies:
    "argparse" "^2.0.1"

"json-schema-traverse@^0.4.1":
  "version" "0.4.1"

"json-schema-traverse@^1.0.0":
  "version" "1.0.0"

"json-stable-stringify-without-jsonify@^1.0.1":
  "version" "1.0.1"

"json5@^1.0.1":
  "version" "1.0.1"
  dependencies:
    "minimist" "^1.2.0"

"jsonwebtoken@^8.5.1":
  "version" "8.5.1"
  dependencies:
    "jws" "^3.2.2"
    "lodash.includes" "^4.3.0"
    "lodash.isboolean" "^3.0.3"
    "lodash.isinteger" "^4.0.4"
    "lodash.isnumber" "^3.0.3"
    "lodash.isplainobject" "^4.0.6"
    "lodash.isstring" "^4.0.1"
    "lodash.once" "^4.0.0"
    "ms" "^2.1.1"
    "semver" "^5.6.0"

"jwa@^1.4.1":
  "version" "1.4.1"
  dependencies:
    "buffer-equal-constant-time" "1.0.1"
    "ecdsa-sig-formatter" "1.0.11"
    "safe-buffer" "^5.0.1"

"jws@^3.2.2":
  "version" "3.2.2"
  dependencies:
    "jwa" "^1.4.1"
    "safe-buffer" "^5.0.1"

"levn@^0.4.1":
  "version" "0.4.1"
  dependencies:
    "prelude-ls" "^1.2.1"
    "type-check" "~0.4.0"

"load-json-file@^1.0.0":
  "version" "1.1.0"
  dependencies:
    "graceful-fs" "^4.1.2"
    "parse-json" "^2.2.0"
    "pify" "^2.0.0"
    "pinkie-promise" "^2.0.0"
    "strip-bom" "^2.0.0"

"load-json-file@^2.0.0":
  "version" "2.0.0"
  dependencies:
    "graceful-fs" "^4.1.2"
    "parse-json" "^2.2.0"
    "pify" "^2.0.0"
    "strip-bom" "^3.0.0"

"locate-path@^2.0.0":
  "version" "2.0.0"
  dependencies:
    "p-locate" "^2.0.0"
    "path-exists" "^3.0.0"

"lodash.includes@^4.3.0":
  "version" "4.3.0"

"lodash.isboolean@^3.0.3":
  "version" "3.0.3"

"lodash.isinteger@^4.0.4":
  "version" "4.0.4"

"lodash.isnumber@^3.0.3":
  "version" "3.0.3"

"lodash.isplainobject@^4.0.6":
  "version" "4.0.6"

"lodash.isstring@^4.0.1":
  "version" "4.0.1"

"lodash.once@^4.0.0":
  "version" "4.1.1"

"lodash@^4.17.15", "lodash@^4.17.20", "lodash@^4.17.21":
  "version" "4.17.21"

"loud-rejection@^1.0.0":
  "version" "1.6.0"
  dependencies:
    "currently-unhandled" "^0.4.1"
    "signal-exit" "^3.0.0"

"lru-cache@^6.0.0":
  "version" "6.0.0"
  dependencies:
    "yallist" "^4.0.0"

"make-dir@^3.1.0":
  "version" "3.1.0"
  dependencies:
    "semver" "^6.0.0"

"make-error@^1.1.1":
  "version" "1.3.6"

"map-obj@^1.0.0", "map-obj@^1.0.1":
  "version" "1.0.1"

"media-typer@0.3.0":
  "version" "0.3.0"

"meow@^3.3.0":
  "version" "3.7.0"
  dependencies:
    "camelcase-keys" "^2.0.0"
    "decamelize" "^1.1.2"
    "loud-rejection" "^1.0.0"
    "map-obj" "^1.0.1"
    "minimist" "^1.1.3"
    "normalize-package-data" "^2.3.4"
    "object-assign" "^4.0.1"
    "read-pkg-up" "^1.0.1"
    "redent" "^1.0.0"
    "trim-newlines" "^1.0.0"

"merge-descriptors@1.0.1":
  "version" "1.0.1"

"merge2@^1.3.0":
  "version" "1.4.1"

"methods@~1.1.2":
  "version" "1.1.2"

"micromatch@^4.0.2":
  "version" "4.0.2"
  dependencies:
    "braces" "^3.0.1"
    "picomatch" "^2.0.5"

"mime-db@1.46.0":
  "version" "1.46.0"

"mime-types@~2.1.24":
  "version" "2.1.29"
  dependencies:
    "mime-db" "1.46.0"

"mime@1.6.0":
  "version" "1.6.0"

"minimatch@^3.0.4":
  "version" "3.0.4"
  dependencies:
    "brace-expansion" "^1.1.7"

"minimist@^1.1.3", "minimist@^1.2.0", "minimist@^1.2.5":
  "version" "1.2.5"

"minipass@^3.0.0":
  "version" "3.1.3"
  dependencies:
    "yallist" "^4.0.0"

"minizlib@^2.1.1":
  "version" "2.1.2"
  dependencies:
    "minipass" "^3.0.0"
    "yallist" "^4.0.0"

"mkdirp@^0.5.1":
  "version" "0.5.5"
  dependencies:
    "minimist" "^1.2.5"

"mkdirp@^1.0.3", "mkdirp@^1.0.4":
  "version" "1.0.4"

"ms@^2.1.1":
  "version" "2.1.3"

"ms@2.0.0":
  "version" "2.0.0"

"ms@2.1.1":
  "version" "2.1.1"

"ms@2.1.2":
  "version" "2.1.2"

"multer@^1.4.2":
  "version" "1.4.2"
  dependencies:
    "append-field" "^1.0.0"
    "busboy" "^0.2.11"
    "concat-stream" "^1.5.2"
    "mkdirp" "^0.5.1"
    "object-assign" "^4.1.1"
    "on-finished" "^2.3.0"
    "type-is" "^1.6.4"
    "xtend" "^4.0.0"

"mz@^2.4.0":
  "version" "2.7.0"
  dependencies:
    "any-promise" "^1.0.0"
    "object-assign" "^4.0.1"
    "thenify-all" "^1.0.0"

"natural-compare@^1.4.0":
  "version" "1.4.0"

"negotiator@0.6.2":
  "version" "0.6.2"

"node-addon-api@^3.1.0":
  "version" "3.1.0"

"node-fetch@^2.6.1":
  "version" "2.6.1"

"nopt@^5.0.0":
  "version" "5.0.0"
  dependencies:
    "abbrev" "1"

"normalize-package-data@^2.3.2", "normalize-package-data@^2.3.4":
  "version" "2.5.0"
  dependencies:
    "hosted-git-info" "^2.1.4"
    "resolve" "^1.10.0"
    "semver" "2 || 3 || 4 || 5"
    "validate-npm-package-license" "^3.0.1"

"normalize-path@^3.0.0", "normalize-path@~3.0.0":
  "version" "3.0.0"

"npmlog@^4.1.2":
  "version" "4.1.2"
  dependencies:
    "are-we-there-yet" "~1.1.2"
    "console-control-strings" "~1.1.0"
    "gauge" "~2.7.3"
    "set-blocking" "~2.0.0"

"number-is-nan@^1.0.0":
  "version" "1.0.1"

"object-assign@^4.0.1", "object-assign@^4.1.0", "object-assign@^4.1.1":
  "version" "4.1.1"

"object-inspect@^1.9.0":
  "version" "1.9.0"

"object-keys@^1.0.12", "object-keys@^1.1.1":
  "version" "1.1.1"

"object.assign@^4.1.2":
  "version" "4.1.2"
  dependencies:
    "call-bind" "^1.0.0"
    "define-properties" "^1.1.3"
    "has-symbols" "^1.0.1"
    "object-keys" "^1.1.1"

"object.entries@^1.1.2":
  "version" "1.1.3"
  dependencies:
    "call-bind" "^1.0.0"
    "define-properties" "^1.1.3"
    "es-abstract" "^1.18.0-next.1"
    "has" "^1.0.3"

"object.values@^1.1.1":
  "version" "1.1.3"
  dependencies:
    "call-bind" "^1.0.2"
    "define-properties" "^1.1.3"
    "es-abstract" "^1.18.0-next.2"
    "has" "^1.0.3"

"on-finished@^2.3.0", "on-finished@~2.3.0":
  "version" "2.3.0"
  dependencies:
    "ee-first" "1.1.1"

"once@^1.3.0":
  "version" "1.4.0"
  dependencies:
    "wrappy" "1"

"optionator@^0.9.1":
  "version" "0.9.1"
  dependencies:
    "deep-is" "^0.1.3"
    "fast-levenshtein" "^2.0.6"
    "levn" "^0.4.1"
    "prelude-ls" "^1.2.1"
    "type-check" "^0.4.0"
    "word-wrap" "^1.2.3"

"p-limit@^1.1.0":
  "version" "1.3.0"
  dependencies:
    "p-try" "^1.0.0"

"p-locate@^2.0.0":
  "version" "2.0.0"
  dependencies:
    "p-limit" "^1.1.0"

"p-try@^1.0.0":
  "version" "1.0.0"

"packet-reader@1.0.0":
  "version" "1.0.0"

"parent-module@^1.0.0":
  "version" "1.0.1"
  dependencies:
    "callsites" "^3.0.0"

"parent-require@^1.0.0":
  "version" "1.0.0"

"parse-json@^2.2.0":
  "version" "2.2.0"
  dependencies:
    "error-ex" "^1.2.0"

"parse5-htmlparser2-tree-adapter@^6.0.0":
  "version" "6.0.1"
  dependencies:
    "parse5" "^6.0.1"

"parse5@^5.1.1":
  "version" "5.1.1"

"parse5@^6.0.1":
  "version" "6.0.1"

"parseurl@~1.3.3":
  "version" "1.3.3"

"path-exists@^2.0.0":
  "version" "2.1.0"
  dependencies:
    "pinkie-promise" "^2.0.0"

"path-exists@^3.0.0":
  "version" "3.0.0"

"path-is-absolute@^1.0.0":
  "version" "1.0.1"

"path-key@^3.1.0":
  "version" "3.1.1"

"path-parse@^1.0.6":
  "version" "1.0.6"

"path-to-regexp@0.1.7":
  "version" "0.1.7"

"path-type@^1.0.0":
  "version" "1.1.0"
  dependencies:
    "graceful-fs" "^4.1.2"
    "pify" "^2.0.0"
    "pinkie-promise" "^2.0.0"

"path-type@^2.0.0":
  "version" "2.0.0"
  dependencies:
    "pify" "^2.0.0"

"path-type@^4.0.0":
  "version" "4.0.0"

"pg-connection-string@^2.4.0":
  "version" "2.4.0"

"pg-int8@1.0.1":
  "version" "1.0.1"

"pg-pool@^3.2.2":
  "version" "3.2.2"

"pg-protocol@^1.4.0":
  "version" "1.4.0"

"pg-types@^2.1.0":
  "version" "2.2.0"
  dependencies:
    "pg-int8" "1.0.1"
    "postgres-array" "~2.0.0"
    "postgres-bytea" "~1.0.0"
    "postgres-date" "~1.0.4"
    "postgres-interval" "^1.1.0"

"pg@^8.5.1", "pg@>=8.0":
  "version" "8.5.1"
  dependencies:
    "buffer-writer" "2.0.0"
    "packet-reader" "1.0.0"
    "pg-connection-string" "^2.4.0"
    "pg-pool" "^3.2.2"
    "pg-protocol" "^1.4.0"
    "pg-types" "^2.1.0"
    "pgpass" "1.x"

"pgpass@1.x":
  "version" "1.0.4"
  dependencies:
    "split2" "^3.1.1"

"picomatch@^2.0.4", "picomatch@^2.0.5", "picomatch@^2.2.1":
  "version" "2.2.2"

"pify@^2.0.0":
  "version" "2.3.0"

"pinkie-promise@^2.0.0":
  "version" "2.0.1"
  dependencies:
    "pinkie" "^2.0.0"

"pinkie@^2.0.0":
  "version" "2.0.4"

"pkg-dir@^2.0.0":
  "version" "2.0.0"
  dependencies:
    "find-up" "^2.1.0"

"postgres-array@~2.0.0":
  "version" "2.0.0"

"postgres-bytea@~1.0.0":
  "version" "1.0.0"

"postgres-date@~1.0.4":
  "version" "1.0.7"

"postgres-interval@^1.1.0":
  "version" "1.2.0"
  dependencies:
    "xtend" "^4.0.0"

"prelude-ls@^1.2.1":
  "version" "1.2.1"

"prettier-linter-helpers@^1.0.0":
  "version" "1.0.0"
  dependencies:
    "fast-diff" "^1.1.2"

"prettier@^2.2.1", "prettier@>=1.13.0":
  "version" "2.2.1"

"process-nextick-args@~2.0.0":
  "version" "2.0.1"

"progress@^2.0.0":
  "version" "2.0.3"

"proxy-addr@~2.0.5":
  "version" "2.0.6"
  dependencies:
    "forwarded" "~0.1.2"
    "ipaddr.js" "1.9.1"

"punycode@^2.1.0":
  "version" "2.1.1"

"qs@6.7.0":
  "version" "6.7.0"

"queue-microtask@^1.2.2":
  "version" "1.2.2"

"range-parser@~1.2.1":
  "version" "1.2.1"

"raw-body@2.4.0":
  "version" "2.4.0"
  dependencies:
    "bytes" "3.1.0"
    "http-errors" "1.7.2"
    "iconv-lite" "0.4.24"
    "unpipe" "1.0.0"

"read-pkg-up@^1.0.1":
  "version" "1.0.1"
  dependencies:
    "find-up" "^1.0.0"
    "read-pkg" "^1.0.0"

"read-pkg-up@^2.0.0":
  "version" "2.0.0"
  dependencies:
    "find-up" "^2.0.0"
    "read-pkg" "^2.0.0"

"read-pkg@^1.0.0":
  "version" "1.1.0"
  dependencies:
    "load-json-file" "^1.0.0"
    "normalize-package-data" "^2.3.2"
    "path-type" "^1.0.0"

"read-pkg@^2.0.0":
  "version" "2.0.0"
  dependencies:
    "load-json-file" "^2.0.0"
    "normalize-package-data" "^2.3.2"
    "path-type" "^2.0.0"

"readable-stream@^2.0.6":
  "version" "2.3.7"
  dependencies:
    "core-util-is" "~1.0.0"
    "inherits" "~2.0.3"
    "isarray" "~1.0.0"
    "process-nextick-args" "~2.0.0"
    "safe-buffer" "~5.1.1"
    "string_decoder" "~1.1.1"
    "util-deprecate" "~1.0.1"

"readable-stream@^2.2.2":
  "version" "2.3.7"
  dependencies:
    "core-util-is" "~1.0.0"
    "inherits" "~2.0.3"
    "isarray" "~1.0.0"
    "process-nextick-args" "~2.0.0"
    "safe-buffer" "~5.1.1"
    "string_decoder" "~1.1.1"
    "util-deprecate" "~1.0.1"

"readable-stream@^3.0.0":
  "version" "3.6.0"
  dependencies:
    "inherits" "^2.0.3"
    "string_decoder" "^1.1.1"
    "util-deprecate" "^1.0.1"

"readable-stream@1.1.x":
  "version" "1.1.14"
  dependencies:
    "core-util-is" "~1.0.0"
    "inherits" "~2.0.1"
    "isarray" "0.0.1"
    "string_decoder" "~0.10.x"

"readdirp@~3.5.0":
  "version" "3.5.0"
  dependencies:
    "picomatch" "^2.2.1"

"redent@^1.0.0":
  "version" "1.0.0"
  dependencies:
    "indent-string" "^2.1.0"
    "strip-indent" "^1.0.1"

"reflect-metadata@^0.1.13":
  "version" "0.1.13"

"regexpp@^3.0.0", "regexpp@^3.1.0":
  "version" "3.1.0"

"repeating@^2.0.0":
  "version" "2.0.1"
  dependencies:
    "is-finite" "^1.0.0"

"require-directory@^2.1.1":
  "version" "2.1.1"

"require-from-string@^2.0.2":
  "version" "2.0.2"

"resolve-from@^4.0.0":
  "version" "4.0.0"

"resolve@^1.0.0", "resolve@^1.10.0", "resolve@^1.13.1", "resolve@^1.17.0":
  "version" "1.20.0"
  dependencies:
    "is-core-module" "^2.2.0"
    "path-parse" "^1.0.6"

"reusify@^1.0.4":
  "version" "1.0.4"

"rimraf@^2.6.1":
  "version" "2.7.1"
  dependencies:
    "glob" "^7.1.3"

"rimraf@^3.0.2":
  "version" "3.0.2"
  dependencies:
    "glob" "^7.1.3"

"run-parallel@^1.1.9":
  "version" "1.2.0"
  dependencies:
    "queue-microtask" "^1.2.2"

"safe-buffer@^5.0.1":
  "version" "5.1.2"

"safe-buffer@~5.1.0", "safe-buffer@~5.1.1":
  "version" "5.1.2"

"safe-buffer@~5.2.0":
  "version" "5.2.1"

"safe-buffer@5.1.2":
  "version" "5.1.2"

"safer-buffer@>= 2.1.2 < 3":
  "version" "2.1.2"

"sax@>=0.6.0":
  "version" "1.2.4"

"semver@^5.6.0":
  "version" "5.7.1"

"semver@^6.0.0":
  "version" "6.3.0"

"semver@^7.2.1", "semver@^7.3.2":
  "version" "7.3.4"
  dependencies:
    "lru-cache" "^6.0.0"

"semver@^7.3.4":
  "version" "7.3.5"
  dependencies:
    "lru-cache" "^6.0.0"

"semver@2 || 3 || 4 || 5":
  "version" "5.7.1"

"send@0.17.1":
  "version" "0.17.1"
  dependencies:
    "debug" "2.6.9"
    "depd" "~1.1.2"
    "destroy" "~1.0.4"
    "encodeurl" "~1.0.2"
    "escape-html" "~1.0.3"
    "etag" "~1.8.1"
    "fresh" "0.5.2"
    "http-errors" "~1.7.2"
    "mime" "1.6.0"
    "ms" "2.1.1"
    "on-finished" "~2.3.0"
    "range-parser" "~1.2.1"
    "statuses" "~1.5.0"

"serve-static@1.14.1":
  "version" "1.14.1"
  dependencies:
    "encodeurl" "~1.0.2"
    "escape-html" "~1.0.3"
    "parseurl" "~1.3.3"
    "send" "0.17.1"

"set-blocking@~2.0.0":
  "version" "2.0.0"

"setprototypeof@1.1.1":
  "version" "1.1.1"

"sha.js@^2.4.11":
  "version" "2.4.11"
  dependencies:
    "inherits" "^2.0.1"
    "safe-buffer" "^5.0.1"

"shebang-command@^2.0.0":
  "version" "2.0.0"
  dependencies:
    "shebang-regex" "^3.0.0"

"shebang-regex@^3.0.0":
  "version" "3.0.0"

"signal-exit@^3.0.0":
  "version" "3.0.3"

"slash@^3.0.0":
  "version" "3.0.0"

"slice-ansi@^4.0.0":
  "version" "4.0.0"
  dependencies:
    "ansi-styles" "^4.0.0"
    "astral-regex" "^2.0.0"
    "is-fullwidth-code-point" "^3.0.0"

"source-map-support@^0.5.12", "source-map-support@^0.5.17":
  "version" "0.5.19"
  dependencies:
    "buffer-from" "^1.0.0"
    "source-map" "^0.6.0"

"source-map@^0.6.0":
  "version" "0.6.1"

"spdx-correct@^3.0.0":
  "version" "3.1.1"
  dependencies:
    "spdx-expression-parse" "^3.0.0"
    "spdx-license-ids" "^3.0.0"

"spdx-exceptions@^2.1.0":
  "version" "2.3.0"

"spdx-expression-parse@^3.0.0":
  "version" "3.0.1"
  dependencies:
    "spdx-exceptions" "^2.1.0"
    "spdx-license-ids" "^3.0.0"

"spdx-license-ids@^3.0.0":
  "version" "3.0.7"

"split2@^3.1.1":
  "version" "3.2.2"
  dependencies:
    "readable-stream" "^3.0.0"

"sprintf-js@~1.0.2":
  "version" "1.0.3"

"statuses@>= 1.5.0 < 2", "statuses@~1.5.0":
  "version" "1.5.0"

"streamsearch@0.1.2":
  "version" "0.1.2"

"string_decoder@^1.1.1":
  "version" "1.3.0"
  dependencies:
    "safe-buffer" "~5.2.0"

"string_decoder@~0.10.x":
  "version" "0.10.31"

"string_decoder@~1.1.1":
  "version" "1.1.1"
  dependencies:
    "safe-buffer" "~5.1.0"

"string-width@^1.0.1":
  "version" "1.0.2"
  dependencies:
    "code-point-at" "^1.0.0"
    "is-fullwidth-code-point" "^1.0.0"
    "strip-ansi" "^3.0.0"

"string-width@^1.0.2 || 2":
  "version" "2.1.1"
  dependencies:
    "is-fullwidth-code-point" "^2.0.0"
    "strip-ansi" "^4.0.0"

"string-width@^4.1.0", "string-width@^4.2.0":
  "version" "4.2.2"
  dependencies:
    "emoji-regex" "^8.0.0"
    "is-fullwidth-code-point" "^3.0.0"
    "strip-ansi" "^6.0.0"

"string.prototype.trimend@^1.0.4":
  "version" "1.0.4"
  dependencies:
    "call-bind" "^1.0.2"
    "define-properties" "^1.1.3"

"string.prototype.trimstart@^1.0.4":
  "version" "1.0.4"
  dependencies:
    "call-bind" "^1.0.2"
    "define-properties" "^1.1.3"

"strip-ansi@^3.0.0", "strip-ansi@^3.0.1":
  "version" "3.0.1"
  dependencies:
    "ansi-regex" "^2.0.0"

"strip-ansi@^4.0.0":
  "version" "4.0.0"
  dependencies:
    "ansi-regex" "^3.0.0"

"strip-ansi@^6.0.0":
  "version" "6.0.0"
  dependencies:
    "ansi-regex" "^5.0.0"

"strip-bom@^2.0.0":
  "version" "2.0.0"
  dependencies:
    "is-utf8" "^0.2.0"

"strip-bom@^3.0.0":
  "version" "3.0.0"

"strip-indent@^1.0.1":
  "version" "1.0.1"
  dependencies:
    "get-stdin" "^4.0.1"

"strip-json-comments@^2.0.0":
  "version" "2.0.1"

"strip-json-comments@^3.1.0", "strip-json-comments@^3.1.1":
  "version" "3.1.1"

"supports-color@^2.0.0":
  "version" "2.0.0"

"supports-color@^5.3.0":
  "version" "5.5.0"
  dependencies:
    "has-flag" "^3.0.0"

"supports-color@^7.1.0":
  "version" "7.2.0"
  dependencies:
    "has-flag" "^4.0.0"

"swagger-ui-dist@^3.18.1":
  "version" "3.45.1"

"swagger-ui-express@^4.1.6":
  "version" "4.1.6"
  dependencies:
    "swagger-ui-dist" "^3.18.1"

"table@^6.0.4":
  "version" "6.0.7"
  dependencies:
    "ajv" "^7.0.2"
    "lodash" "^4.17.20"
    "slice-ansi" "^4.0.0"
    "string-width" "^4.2.0"

"tar@^6.1.0":
  "version" "6.1.0"
  dependencies:
    "chownr" "^2.0.0"
    "fs-minipass" "^2.0.0"
    "minipass" "^3.0.0"
    "minizlib" "^2.1.1"
    "mkdirp" "^1.0.3"
    "yallist" "^4.0.0"

"text-table@^0.2.0":
  "version" "0.2.0"

"thenify-all@^1.0.0":
  "version" "1.6.0"
  dependencies:
    "thenify" ">= 3.1.0 < 4"

"thenify@>= 3.1.0 < 4":
  "version" "3.3.1"
  dependencies:
    "any-promise" "^1.0.0"

"to-regex-range@^5.0.1":
  "version" "5.0.1"
  dependencies:
    "is-number" "^7.0.0"

"toidentifier@1.0.0":
  "version" "1.0.0"

"tree-kill@^1.2.2":
  "version" "1.2.2"

"trim-newlines@^1.0.0":
  "version" "1.0.0"

"ts-node-dev@^1.1.6":
  "version" "1.1.6"
  dependencies:
    "chokidar" "^3.5.1"
    "dateformat" "~1.0.4-1.2.3"
    "dynamic-dedupe" "^0.3.0"
    "minimist" "^1.2.5"
    "mkdirp" "^1.0.4"
    "resolve" "^1.0.0"
    "rimraf" "^2.6.1"
    "source-map-support" "^0.5.12"
    "tree-kill" "^1.2.2"
    "ts-node" "^9.0.0"
    "tsconfig" "^7.0.0"

"ts-node@^9.0.0":
  "version" "9.1.1"
  dependencies:
    "arg" "^4.1.0"
    "create-require" "^1.1.0"
    "diff" "^4.0.1"
    "make-error" "^1.1.1"
    "source-map-support" "^0.5.17"
    "yn" "3.1.1"

"tsconfig-paths@^3.9.0":
  "version" "3.9.0"
  dependencies:
    "@types/json5" "^0.0.29"
    "json5" "^1.0.1"
    "minimist" "^1.2.0"
    "strip-bom" "^3.0.0"

"tsconfig@^7.0.0":
  "version" "7.0.0"
  dependencies:
    "@types/strip-bom" "^3.0.0"
    "@types/strip-json-comments" "0.0.30"
    "strip-bom" "^3.0.0"
    "strip-json-comments" "^2.0.0"

"tslib@^1.8.1", "tslib@^1.9.3":
  "version" "1.14.1"

"tslib@^2.1.0":
  "version" "2.1.0"

"tsutils@^3.17.1":
  "version" "3.21.0"
  dependencies:
    "tslib" "^1.8.1"

"tsyringe@^4.5.0":
  "version" "4.5.0"
  dependencies:
    "tslib" "^1.9.3"

"type-check@^0.4.0", "type-check@~0.4.0":
  "version" "0.4.0"
  dependencies:
    "prelude-ls" "^1.2.1"

"type-fest@^0.20.2":
  "version" "0.20.2"

"type-fest@^0.8.1":
  "version" "0.8.1"

"type-is@^1.6.4", "type-is@~1.6.17", "type-is@~1.6.18":
  "version" "1.6.18"
  dependencies:
    "media-typer" "0.3.0"
    "mime-types" "~2.1.24"

"typedarray@^0.0.6":
  "version" "0.0.6"

"typeorm@^0.2.32":
  "version" "0.2.32"
  dependencies:
    "@sqltools/formatter" "^1.2.2"
    "app-root-path" "^3.0.0"
    "buffer" "^6.0.3"
    "chalk" "^4.1.0"
    "cli-highlight" "^2.1.10"
    "debug" "^4.3.1"
    "dotenv" "^8.2.0"
    "glob" "^7.1.6"
    "js-yaml" "^4.0.0"
    "mkdirp" "^1.0.4"
    "reflect-metadata" "^0.1.13"
    "sha.js" "^2.4.11"
    "tslib" "^2.1.0"
    "xml2js" "^0.4.23"
    "yargonaut" "^1.1.4"
    "yargs" "^16.2.0"
    "zen-observable-ts" "^1.0.0"

"typescript@*", "typescript@^4.2.3", "typescript@>=2.7", "typescript@>=2.8.0 || >= 3.2.0-dev || >= 3.3.0-dev || >= 3.4.0-dev || >= 3.5.0-dev || >= 3.6.0-dev || >= 3.6.0-beta || >= 3.7.0-dev || >= 3.7.0-beta":
  "version" "4.2.3"

"unbox-primitive@^1.0.0":
  "version" "1.0.0"
  dependencies:
    "function-bind" "^1.1.1"
    "has-bigints" "^1.0.0"
    "has-symbols" "^1.0.0"
    "which-boxed-primitive" "^1.0.1"

"unpipe@~1.0.0", "unpipe@1.0.0":
  "version" "1.0.0"

"uri-js@^4.2.2":
  "version" "4.4.1"
  dependencies:
    "punycode" "^2.1.0"

"util-deprecate@^1.0.1", "util-deprecate@~1.0.1":
  "version" "1.0.2"

"utils-merge@1.0.1":
  "version" "1.0.1"

"uuid@^8.3.2":
  "version" "8.3.2"

"v8-compile-cache@^2.0.3":
  "version" "2.3.0"

"validate-npm-package-license@^3.0.1":
  "version" "3.0.4"
  dependencies:
    "spdx-correct" "^3.0.0"
    "spdx-expression-parse" "^3.0.0"

"vary@~1.1.2":
  "version" "1.1.2"

"which-boxed-primitive@^1.0.1":
  "version" "1.0.2"
  dependencies:
    "is-bigint" "^1.0.1"
    "is-boolean-object" "^1.1.0"
    "is-number-object" "^1.0.4"
    "is-string" "^1.0.5"
    "is-symbol" "^1.0.3"

"which@^2.0.1":
  "version" "2.0.2"
  dependencies:
    "isexe" "^2.0.0"

"wide-align@^1.1.0":
  "version" "1.1.3"
  dependencies:
    "string-width" "^1.0.2 || 2"

"word-wrap@^1.2.3":
  "version" "1.2.3"

"wrap-ansi@^7.0.0":
  "version" "7.0.0"
  dependencies:
    "ansi-styles" "^4.0.0"
    "string-width" "^4.1.0"
    "strip-ansi" "^6.0.0"

"wrappy@1":
  "version" "1.0.2"

"xml2js@^0.4.23":
  "version" "0.4.23"
  dependencies:
    "sax" ">=0.6.0"
    "xmlbuilder" "~11.0.0"

"xmlbuilder@~11.0.0":
  "version" "11.0.1"

"xtend@^4.0.0":
  "version" "4.0.2"

"y18n@^5.0.5":
  "version" "5.0.5"

"yallist@^4.0.0":
  "version" "4.0.0"

"yargonaut@^1.1.4":
  "version" "1.1.4"
  dependencies:
    "chalk" "^1.1.1"
    "figlet" "^1.1.1"
    "parent-require" "^1.0.0"

"yargs-parser@^20.2.2":
  "version" "20.2.7"

"yargs@^16.0.0", "yargs@^16.2.0":
  "version" "16.2.0"
  dependencies:
    "cliui" "^7.0.2"
    "escalade" "^3.1.1"
    "get-caller-file" "^2.0.5"
    "require-directory" "^2.1.1"
    "string-width" "^4.2.0"
    "y18n" "^5.0.5"
    "yargs-parser" "^20.2.2"

"yn@3.1.1":
  "version" "3.1.1"

"zen-observable-ts@^1.0.0":
  "version" "1.0.0"
  dependencies:
    "@types/zen-observable" "^0.8.2"
    "zen-observable" "^0.8.15"

"zen-observable@^0.8.15":
  "version" "0.8.15"
